
Microsoft Visual Studio Solution File, Format Version 12.00
# Visual Studio 15
VisualStudioVersion = 15.0.28307.489
MinimumVisualStudioVersion = 10.0.40219.1
Project("{FAE04EC0-301F-11D3-BF4B-00C04F79EFBC}") = "Veeam.TestSolution", "Veeam.TestSolution\Veeam.TestSolution.csproj", "{8802E825-5787-4082-A788-E0FFBA798D2F}"
EndProject
Global
	GlobalSection(SolutionConfigurationPlatforms) = preSolution
		Debug|Any CPU = Debug|Any CPU
		Release|Any CPU = Release|Any CPU
	EndGlobalSection
	GlobalSection(ProjectConfigurationPlatforms) = postSolution
		{8802E825-5787-4082-A788-E0FFBA798D2F}.Debug|Any CPU.ActiveCfg = Debug|Any CPU
		{8802E825-5787-4082-A788-E0FFBA798D2F}.Debug|Any CPU.Build.0 = Debug|Any CPU
		{8802E825-5787-4082-A788-E0FFBA798D2F}.Release|Any CPU.ActiveCfg = Release|Any CPU
		{8802E825-5787-4082-A788-E0FFBA798D2F}.Release|Any CPU.Build.0 = Release|Any CPU
	EndGlobalSection
	GlobalSection(SolutionProperties) = preSolution
		HideSolutionNode = FALSE
	EndGlobalSection
	GlobalSection(ExtensibilityGlobals) = postSolution
		SolutionGuid = {624D9FAD-40D6-4517-B00E-EBCB7CE00715}
	EndGlobalSection
EndGlobal
